
Microsoft Visual Studio Solution File, Format Version 12.00
# Visual Studio Version 17
VisualStudioVersion = 17.14.36811.4 d17.14
MinimumVisualStudioVersion = 10.0.40219.1
Project("{FAE04EC0-301F-11D3-BF4B-00C04F79EFBC}") = "eTermin.Desktop", "eTermin.Desktop.csproj", "{1ADBA540-CE63-49AC-BCF7-7BB21A85D1FB}"
EndProject
Global
	GlobalSection(SolutionConfigurationPlatforms) = preSolution
		Debug|Any CPU = Debug|Any CPU
		Release|Any CPU = Release|Any CPU
	EndGlobalSection
	GlobalSection(ProjectConfigurationPlatforms) = postSolution
		{1ADBA540-CE63-49AC-BCF7-7BB21A85D1FB}.Debug|Any CPU.ActiveCfg = Debug|Any CPU
		{1ADBA540-CE63-49AC-BCF7-7BB21A85D1FB}.Debug|Any CPU.Build.0 = Debug|Any CPU
		{1ADBA540-CE63-49AC-BCF7-7BB21A85D1FB}.Release|Any CPU.ActiveCfg = Release|Any CPU
		{1ADBA540-CE63-49AC-BCF7-7BB21A85D1FB}.Release|Any CPU.Build.0 = Release|Any CPU
	EndGlobalSection
	GlobalSection(SolutionProperties) = preSolution
		HideSolutionNode = FALSE
	EndGlobalSection
	GlobalSection(ExtensibilityGlobals) = postSolution
		SolutionGuid = {FA388288-D045-4FB8-8090-E45F50278A0F}
	EndGlobalSection
EndGlobal
